# This file is automatically @generated by Cargo.
# It is not intended for manual editing.
version = 4

[[package]]
name = "abi_string"
version = "0.1.0"

[[package]]
name = "alias"
version = "0.1.0"

[[package]]
name = "annotation"
version = "0.1.0"

[[package]]
name = "array"
version = "0.1.0"

[[package]]
name = "as_ty"
version = "0.1.0"

[[package]]
name = "asserted_cast"
version = "0.1.0"

[[package]]
name = "assoc_const_conflict"
version = "0.1.0"

[[package]]
name = "assoc_constant"
version = "0.1.0"

[[package]]
name = "associated_constant_panic"
version = "0.1.0"

[[package]]
name = "associated_in_body"
version = "0.1.0"

[[package]]
name = "bitfield"
version = "0.1.0"

[[package]]
name = "bitflags"
version = "0.1.0"

[[package]]
name = "body"
version = "0.1.0"

[[package]]
name = "box"
version = "0.1.0"

[[package]]
name = "cdecl"
version = "0.1.0"

[[package]]
name = "cell"
version = "0.1.0"

[[package]]
name = "cfg"
version = "0.1.0"

[[package]]
name = "cfg_2"
version = "0.1.0"

[[package]]
name = "cfg_field"
version = "0.1.0"

[[package]]
name = "char"
version = "0.1.0"

[[package]]
name = "cmse"
version = "0.1.0"

[[package]]
name = "const_conflict"
version = "0.1.0"

[[package]]
name = "const_generics"
version = "0.1.0"

[[package]]
name = "const_generics_arrayvec"
version = "0.1.0"

[[package]]
name = "const_generics_bool"
version = "0.1.0"

[[package]]
name = "const_generics_byte"
version = "0.1.0"

[[package]]
name = "const_generics_char"
version = "0.1.0"

[[package]]
name = "const_generics_constant"
version = "0.1.0"

[[package]]
name = "const_generics_thru"
version = "0.1.0"

[[package]]
name = "const_transparent"
version = "0.1.0"

[[package]]
name = "constant"
version = "0.1.0"

[[package]]
name = "constant_big"
version = "0.1.0"

[[package]]
name = "constant_constexpr"
version = "0.1.0"

[[package]]
name = "constant_sort_name"
version = "0.1.0"

[[package]]
name = "constant_sort_none"
version = "0.1.0"

[[package]]
name = "constant_user_defined_type"
version = "0.1.0"

[[package]]
name = "custom_header"
version = "0.1.0"

[[package]]
name = "cython_options"
version = "0.1.0"

[[package]]
name = "decl_name_conflicting"
version = "0.1.0"

[[package]]
name = "dep"
version = "0.1.0"

[[package]]
name = "dep-2"
version = "0.1.0"
dependencies = [
 "dep-2-dep",
]

[[package]]
name = "dep-2-dep"
version = "0.1.0"

[[package]]
name = "dependency"
version = "0.1.0"

[[package]]
name = "deprecated"
version = "0.1.0"

[[package]]
name = "derive-eq"
version = "0.1.0"

[[package]]
name = "derive_ostream"
version = "0.1.0"

[[package]]
name = "destructor_and_copy_ctor"
version = "0.1.0"

[[package]]
name = "display_list"
version = "0.1.0"

[[package]]
name = "doclength_short"
version = "0.1.0"

[[package]]
name = "docstyle_auto"
version = "0.1.0"

[[package]]
name = "docstyle_c99"
version = "0.1.0"

[[package]]
name = "docstyle_doxy"
version = "0.1.0"

[[package]]
name = "documentation"
version = "0.1.0"

[[package]]
name = "documentation_attr"
version = "0.1.0"

[[package]]
name = "documentation_block"
version = "0.1.0"

[[package]]
name = "duplicated_constants"
version = "0.1.0"

[[package]]
name = "enum"
version = "0.1.0"

[[package]]
name = "enum_discriminant"
version = "0.1.0"

[[package]]
name = "enum_self"
version = "0.1.0"

[[package]]
name = "enum_self_flags"
version = "0.1.0"

[[package]]
name = "euclid"
version = "0.1.0"

[[package]]
name = "exclude_generic_monomorph"
version = "0.1.0"

[[package]]
name = "expand"
version = "0.1.0"

[[package]]
name = "expand-default-features"
version = "0.1.0"

[[package]]
name = "expand-dep"
version = "0.1.0"
dependencies = [
 "dep",
]

[[package]]
name = "expand-dep-2"
version = "0.2.0"
dependencies = [
 "expand-dep",
 "expand-dep-2-dep-2",
]

[[package]]
name = "expand-dep-2-dep"
version = "0.1.0"

[[package]]
name = "expand-dep-2-dep-2"
version = "0.2.0"

[[package]]
name = "expand-features"
version = "0.1.0"

[[package]]
name = "expand-no-default-features"
version = "0.1.0"

[[package]]
name = "export_name"
version = "0.1.0"

[[package]]
name = "extern"
version = "0.1.0"

[[package]]
name = "extern_2"
version = "0.1.0"

[[package]]
name = "fns"
version = "0.1.0"

[[package]]
name = "forward_declaration"
version = "0.1.0"

[[package]]
name = "function_args"
version = "0.1.0"

[[package]]
name = "function_noreturn"
version = "0.1.0"

[[package]]
name = "function_ptr"
version = "0.1.0"

[[package]]
name = "function_sort_name"
version = "0.1.0"

[[package]]
name = "function_sort_none"
version = "0.1.0"

[[package]]
name = "generic_defaults"
version = "0.1.0"

[[package]]
name = "generic_pointer"
version = "0.1.0"

[[package]]
name = "global_attr"
version = "0.1.0"

[[package]]
name = "global_variable"
version = "0.1.0"

[[package]]
name = "ignore"
version = "0.1.0"

[[package]]
name = "impl_unsafe_attr_method"
version = "0.1.0"

[[package]]
name = "include"
version = "0.1.0"

[[package]]
name = "include_guard"
version = "0.1.0"

[[package]]
name = "include_item"
version = "0.1.0"

[[package]]
name = "include_specific"
version = "0.1.0"

[[package]]
name = "infinite_recursion_typedef_monomorph"
version = "0.1.0"

[[package]]
name = "inner_mod"
version = "0.1.0"

[[package]]
name = "item_types"
version = "0.1.0"

[[package]]
name = "item_types_renamed"
version = "0.1.0"

[[package]]
name = "layout"
version = "0.1.0"

[[package]]
name = "layout_aligned_opaque"
version = "0.1.0"

[[package]]
name = "layout_packed_opaque"
version = "0.1.0"

[[package]]
name = "lifetime_arg"
version = "0.1.0"

[[package]]
name = "linestyle_cr"
version = "0.1.0"

[[package]]
name = "linestyle_crlf"
version = "0.1.0"

[[package]]
name = "linestyle_lf"
version = "0.1.0"

[[package]]
name = "literal_target"
version = "0.1.0"
dependencies = [
 "workspace-dep",
]

[[package]]
name = "mangle"
version = "0.1.0"

[[package]]
name = "manuallydrop"
version = "0.1.0"

[[package]]
name = "maybeuninit"
version = "0.1.0"

[[package]]
name = "mod_2015"
version = "0.1.0"

[[package]]
name = "mod_2018"
version = "0.1.0"

[[package]]
name = "mod_attr"
version = "0.1.0"

[[package]]
name = "mod_path"
version = "0.1.0"

[[package]]
name = "monomorph_1"
version = "0.1.0"

[[package]]
name = "monomorph_2"
version = "0.1.0"

[[package]]
name = "monomorph_3"
version = "0.1.0"

[[package]]
name = "must_use"
version = "0.1.0"

[[package]]
name = "namespace_constant"
version = "0.1.0"

[[package]]
name = "namespaces_constant"
version = "0.1.0"

[[package]]
name = "nested_import"
version = "0.1.0"

[[package]]
name = "no_extern"
version = "0.1.0"

[[package]]
name = "no_includes"
version = "0.1.0"

[[package]]
name = "non_pub_extern"
version = "0.1.0"

[[package]]
name = "nonnull"
version = "0.1.0"

[[package]]
name = "nonnull_attribute"
version = "0.1.0"

[[package]]
name = "nonzero"
version = "0.1.0"

[[package]]
name = "nullable"
version = "0.1.0"

[[package]]
name = "nullable_attribute"
version = "0.1.0"

[[package]]
name = "old_dep_name"
version = "0.1.0"
dependencies = [
 "no_extern",
]

[[package]]
name = "opaque"
version = "0.1.0"

[[package]]
name = "package_version"
version = "0.1.0"

[[package]]
name = "pin"
version = "0.1.0"

[[package]]
name = "pragma_once_skip_warning_as_error"
version = "0.1.0"

[[package]]
name = "prefix"
version = "0.1.0"

[[package]]
name = "prefixed_struct_literal"
version = "0.1.0"

[[package]]
name = "prefixed_struct_literal_deep"
version = "0.1.0"

[[package]]
name = "ptrs_as_arrays"
version = "0.1.0"

[[package]]
name = "raw_ident"
version = "0.1.0"

[[package]]
name = "raw_lines"
version = "0.1.0"

[[package]]
name = "rename"
version = "0.1.0"

[[package]]
name = "rename_associated_constant"
version = "0.1.0"

[[package]]
name = "rename_case"
version = "0.1.0"

[[package]]
name = "rename_crate"
version = "0.1.0"
dependencies = [
 "dependency",
 "old_dep_name",
]

[[package]]
name = "renaming_overrides_prefixing"
version = "0.1.0"

[[package]]
name = "reserved"
version = "0.1.0"

[[package]]
name = "sentinel"
version = "0.1.0"

[[package]]
name = "simplify_option_ptr"
version = "0.1.0"

[[package]]
name = "size_types"
version = "0.1.0"

[[package]]
name = "static"
version = "0.1.0"

[[package]]
name = "std_lib"
version = "0.1.0"

[[package]]
name = "struct"
version = "0.1.0"

[[package]]
name = "struct_literal"
version = "0.1.0"

[[package]]
name = "struct_literal_order"
version = "0.1.0"

[[package]]
name = "struct_self"
version = "0.1.0"

[[package]]
name = "style_crash"
version = "0.1.0"

[[package]]
name = "swift_name"
version = "0.1.0"

[[package]]
name = "transform_op"
version = "0.1.0"

[[package]]
name = "transparent"
version = "0.1.0"

[[package]]
name = "typedef"
version = "0.1.0"

[[package]]
name = "union"
version = "0.1.0"

[[package]]
name = "union_self"
version = "0.1.0"

[[package]]
name = "unsafe_cell"
version = "0.1.0"

[[package]]
name = "using_namespaces"
version = "0.1.0"

[[package]]
name = "va_list"
version = "0.1.0"

[[package]]
name = "workspace-dep"
version = "0.1.0"

[[package]]
name = "zst"
version = "0.1.0"
