# This file is automatically @generated by Cargo.
# It is not intended for manual editing.
version = 4

[[package]]
name = "corecursive_type"
version = "0.1.0"

[[package]]
name = "fieldless_enum"
version = "0.1.0"

[[package]]
name = "free_constant"
version = "0.1.0"

[[package]]
name = "generic_enum"
version = "0.1.0"

[[package]]
name = "generic_enum_default"
version = "0.1.0"

[[package]]
name = "generic_struct"
version = "0.1.0"

[[package]]
name = "generic_struct_default"
version = "0.1.0"

[[package]]
name = "lifetime_enum"
version = "0.1.0"

[[package]]
name = "lifetime_struct"
version = "0.1.0"

[[package]]
name = "opaque_upgrade"
version = "0.1.0"

[[package]]
name = "recursive_type"
version = "0.1.0"

[[package]]
name = "ref_primitives"
version = "0.1.0"

[[package]]
name = "self_type"
version = "0.1.0"

[[package]]
name = "simple_struct"
version = "0.1.0"

[[package]]
name = "tagged_union"
version = "0.1.0"

[[package]]
name = "zst_fields"
version = "0.1.0"
