# This file is automatically @generated by Cargo.
# It is not intended for manual editing.
version = 4

[[package]]
name = "associated_constants"
version = "0.1.0"

[[package]]
name = "box_pointers"
version = "0.1.0"

[[package]]
name = "char_str_constant"
version = "0.1.0"

[[package]]
name = "computed_constant"
version = "0.1.0"

[[package]]
name = "corecursive_type"
version = "0.1.0"

[[package]]
name = "enumflags"
version = "0.1.0"
dependencies = [
 "enumflags2",
]

[[package]]
name = "enumflags2"
version = "0.7.12"
source = "registry+https://github.com/rust-lang/crates.io-index"
checksum = "1027f7680c853e056ebcec683615fb6fbbc07dbaa13b4d5d9442b146ded4ecef"
dependencies = [
 "enumflags2_derive",
]

[[package]]
name = "enumflags2_derive"
version = "0.7.12"
source = "registry+https://github.com/rust-lang/crates.io-index"
checksum = "67c78a4d8fdf9953a5c9d458f9efe940fd97a0cab0941c075a813ac594733827"
dependencies = [
 "proc-macro2",
 "quote",
 "syn",
]

[[package]]
name = "fieldless_enum"
version = "0.1.0"

[[package]]
name = "fn_ptr"
version = "0.1.0"

[[package]]
name = "free_constant"
version = "0.1.0"

[[package]]
name = "generic_enum"
version = "0.1.0"

[[package]]
name = "generic_enum_default"
version = "0.1.0"

[[package]]
name = "generic_struct"
version = "0.1.0"

[[package]]
name = "generic_struct_default"
version = "0.1.0"

[[package]]
name = "generic_union"
version = "0.1.0"

[[package]]
name = "generic_union_default"
version = "0.1.0"

[[package]]
name = "lifetime_enum"
version = "0.1.0"

[[package]]
name = "lifetime_struct"
version = "0.1.0"

[[package]]
name = "manually_drop"
version = "0.1.0"

[[package]]
name = "nonnull_pointers"
version = "0.1.0"

[[package]]
name = "opaque_union"
version = "0.1.0"

[[package]]
name = "opaque_upgrade"
version = "0.1.0"

[[package]]
name = "optional_references"
version = "0.1.0"

[[package]]
name = "plain_union"
version = "0.1.0"

[[package]]
name = "private_fields"
version = "0.1.0"

[[package]]
name = "proc-macro2"
version = "1.0.106"
source = "registry+https://github.com/rust-lang/crates.io-index"
checksum = "8fd00f0bb2e90d81d1044c2b32617f68fcb9fa3bb7640c23e9c748e53fb30934"
dependencies = [
 "unicode-ident",
]

[[package]]
name = "quote"
version = "1.0.45"
source = "registry+https://github.com/rust-lang/crates.io-index"
checksum = "41f2619966050689382d2b44f664f4bc593e129785a36d6ee376ddf37259b924"
dependencies = [
 "proc-macro2",
]

[[package]]
name = "recursive_type"
version = "0.1.0"

[[package]]
name = "ref_primitives"
version = "0.1.0"

[[package]]
name = "self_type"
version = "0.1.0"

[[package]]
name = "simple_const_generics"
version = "0.1.0"

[[package]]
name = "simple_struct"
version = "0.1.0"

[[package]]
name = "syn"
version = "2.0.117"
source = "registry+https://github.com/rust-lang/crates.io-index"
checksum = "e665b8803e7b1d2a727f4023456bbbbe74da67099c585258af0ad9c5013b9b99"
dependencies = [
 "proc-macro2",
 "quote",
 "unicode-ident",
]

[[package]]
name = "tagged_union"
version = "0.1.0"

[[package]]
name = "transparent"
version = "0.1.0"

[[package]]
name = "transparent_npo"
version = "0.1.0"

[[package]]
name = "type_alias"
version = "0.1.0"

[[package]]
name = "unicode-ident"
version = "1.0.24"
source = "registry+https://github.com/rust-lang/crates.io-index"
checksum = "e6e4313cd5fcd3dad5cafa179702e2b244f760991f45397d14d4ebf38247da75"

[[package]]
name = "unsafe_cell"
version = "0.1.0"

[[package]]
name = "unsupported_constant"
version = "0.1.0"

[[package]]
name = "zst_fields"
version = "0.1.0"
