# This file is automatically @generated by Cargo.
# It is not intended for manual editing.
version = 4

[[package]]
name = "alias-dep"
version = "0.1.0"

[[package]]
name = "assoc_constant_optin_default_skipped"
version = "0.1.0"

[[package]]
name = "assoc_constant_optin_per_const"
version = "0.1.0"
dependencies = [
 "cheadergen",
]

[[package]]
name = "associated_constants"
version = "0.1.0"
dependencies = [
 "cheadergen",
]

[[package]]
name = "bin_only_explicit"
version = "0.1.0"

[[package]]
name = "bin_only_skipped_bin"
version = "0.1.0"

[[package]]
name = "bin_only_skipped_lib"
version = "0.1.0"

[[package]]
name = "bitfield_attr"
version = "0.1.0"
dependencies = [
 "cheadergen",
]

[[package]]
name = "box_pointers"
version = "0.1.0"

[[package]]
name = "char_str_constant"
version = "0.1.0"
dependencies = [
 "cheadergen",
]

[[package]]
name = "cheadergen"
version = "0.2.4"
dependencies = [
 "cheadergen_macros",
]

[[package]]
name = "cheadergen_macros"
version = "0.2.4"
dependencies = [
 "proc-macro2",
 "quote",
 "syn",
]

[[package]]
name = "computed_constant"
version = "0.1.0"
dependencies = [
 "cheadergen",
]

[[package]]
name = "const_ptr_fields"
version = "0.1.0"
dependencies = [
 "cheadergen",
]

[[package]]
name = "const_ptr_non_pointer_error"
version = "0.1.0"
dependencies = [
 "cheadergen",
]

[[package]]
name = "constant_optin_default_skipped"
version = "0.1.0"

[[package]]
name = "constant_optin_export_requires_pub"
version = "0.1.0"
dependencies = [
 "cheadergen",
]

[[package]]
name = "corecursive_type"
version = "0.1.0"

[[package]]
name = "enum_variant_doc_comments"
version = "0.1.0"

[[package]]
name = "enumflags"
version = "0.1.0"
dependencies = [
 "enumflags2",
]

[[package]]
name = "enumflags2"
version = "0.7.12"
source = "registry+https://github.com/rust-lang/crates.io-index"
checksum = "1027f7680c853e056ebcec683615fb6fbbc07dbaa13b4d5d9442b146ded4ecef"
dependencies = [
 "enumflags2_derive",
]

[[package]]
name = "enumflags2_derive"
version = "0.7.12"
source = "registry+https://github.com/rust-lang/crates.io-index"
checksum = "67c78a4d8fdf9953a5c9d458f9efe940fd97a0cab0941c075a813ac594733827"
dependencies = [
 "proc-macro2",
 "quote",
 "syn",
]

[[package]]
name = "export_annotation"
version = "0.1.0"
dependencies = [
 "cheadergen",
]

[[package]]
name = "export_annotation_alias"
version = "0.1.0"
dependencies = [
 "cheadergen",
]

[[package]]
name = "export_opaque"
version = "0.1.0"
dependencies = [
 "cheadergen",
]

[[package]]
name = "ffi-dep"
version = "0.1.0"

[[package]]
name = "ffi_primitives"
version = "0.1.0"

[[package]]
name = "field_names_tuple"
version = "0.1.0"
dependencies = [
 "cheadergen",
]

[[package]]
name = "fieldless_enum"
version = "0.1.0"

[[package]]
name = "fn_ptr"
version = "0.1.0"

[[package]]
name = "free_constant"
version = "0.1.0"
dependencies = [
 "cheadergen",
]

[[package]]
name = "generic_enum"
version = "0.1.0"

[[package]]
name = "generic_enum_default"
version = "0.1.0"

[[package]]
name = "generic_struct"
version = "0.1.0"

[[package]]
name = "generic_struct_default"
version = "0.1.0"

[[package]]
name = "generic_union"
version = "0.1.0"

[[package]]
name = "generic_union_default"
version = "0.1.0"

[[package]]
name = "generic_via_type_alias"
version = "0.1.0"

[[package]]
name = "lifetime_enum"
version = "0.1.0"

[[package]]
name = "lifetime_static_vs_borrowed"
version = "0.1.0"

[[package]]
name = "lifetime_struct"
version = "0.1.0"

[[package]]
name = "manually_drop"
version = "0.1.0"

[[package]]
name = "maybe_uninit"
version = "0.1.0"

[[package]]
name = "no_mangle_required"
version = "0.1.0"

[[package]]
name = "nonnull_pointers"
version = "0.1.0"

[[package]]
name = "not_repr_c"
version = "0.1.0"

[[package]]
name = "opaque-dep"
version = "0.1.0"

[[package]]
name = "opaque_dependency"
version = "0.1.0"
dependencies = [
 "opaque-dep",
]

[[package]]
name = "opaque_union"
version = "0.1.0"

[[package]]
name = "opaque_upgrade"
version = "0.1.0"

[[package]]
name = "optional_references"
version = "0.1.0"

[[package]]
name = "partitioned-basic"
version = "0.1.0"
dependencies = [
 "partitioned-basic-dep",
]

[[package]]
name = "partitioned-basic-dep"
version = "0.1.0"

[[package]]
name = "partitioned-bundle"
version = "0.1.0"
dependencies = [
 "partitioned-bundle-dep",
]

[[package]]
name = "partitioned-bundle-dep"
version = "0.1.0"

[[package]]
name = "partitioned-export-annotation"
version = "0.1.0"
dependencies = [
 "partitioned-export-annotation-dep",
]

[[package]]
name = "partitioned-export-annotation-dep"
version = "0.1.0"
dependencies = [
 "cheadergen",
]

[[package]]
name = "partitioned-export-opaque"
version = "0.1.0"
dependencies = [
 "partitioned-export-opaque-dep",
]

[[package]]
name = "partitioned-export-opaque-dep"
version = "0.1.0"
dependencies = [
 "cheadergen",
]

[[package]]
name = "partitioned-field-rename"
version = "0.1.0"
dependencies = [
 "partitioned-field-rename-dep",
]

[[package]]
name = "partitioned-field-rename-dep"
version = "0.1.0"
dependencies = [
 "cheadergen",
]

[[package]]
name = "partitioned-forward-decl-kinds"
version = "0.1.0"
dependencies = [
 "partitioned-forward-decl-kinds-dep",
]

[[package]]
name = "partitioned-forward-decl-kinds-dep"
version = "0.1.0"

[[package]]
name = "partitioned-generic"
version = "0.1.0"
dependencies = [
 "partitioned-generic-dep",
]

[[package]]
name = "partitioned-generic-dep"
version = "0.1.0"

[[package]]
name = "partitioned-generic-enum"
version = "0.1.0"
dependencies = [
 "partitioned-generic-enum-dep",
]

[[package]]
name = "partitioned-generic-enum-dep"
version = "0.1.0"

[[package]]
name = "partitioned-generic-in-dep-struct"
version = "0.1.0"
dependencies = [
 "partitioned-generic-in-dep-struct-dep",
]

[[package]]
name = "partitioned-generic-in-dep-struct-dep"
version = "0.1.0"
dependencies = [
 "partitioned-generic-in-dep-struct-dep2",
]

[[package]]
name = "partitioned-generic-in-dep-struct-dep2"
version = "0.1.0"

[[package]]
name = "partitioned-generic-overlap"
version = "0.1.0"
dependencies = [
 "partitioned-generic-overlap-dep",
 "partitioned-generic-overlap-dep2",
]

[[package]]
name = "partitioned-generic-overlap-dep"
version = "0.1.0"
dependencies = [
 "partitioned-generic-overlap-dep2",
]

[[package]]
name = "partitioned-generic-overlap-dep2"
version = "0.1.0"

[[package]]
name = "partitioned-generic-with-dep-type"
version = "0.1.0"
dependencies = [
 "partitioned-generic-with-dep-type-struct",
 "partitioned-generic-with-dep-type-wrapper",
]

[[package]]
name = "partitioned-generic-with-dep-type-struct"
version = "0.1.0"

[[package]]
name = "partitioned-generic-with-dep-type-wrapper"
version = "0.1.0"

[[package]]
name = "partitioned-header-rename"
version = "0.1.0"
dependencies = [
 "partitioned-header-rename-dep",
]

[[package]]
name = "partitioned-header-rename-bundle"
version = "0.1.0"

[[package]]
name = "partitioned-header-rename-collision"
version = "0.1.0"
dependencies = [
 "partitioned-header-rename-collision-dep",
 "partitioned-header-rename-collision-dep2",
]

[[package]]
name = "partitioned-header-rename-collision-dep"
version = "0.1.0"

[[package]]
name = "partitioned-header-rename-collision-dep2"
version = "0.1.0"

[[package]]
name = "partitioned-header-rename-dep"
version = "0.1.0"

[[package]]
name = "partitioned-header-rename-invalid"
version = "0.1.0"
dependencies = [
 "partitioned-header-rename-invalid-dep",
]

[[package]]
name = "partitioned-header-rename-invalid-dep"
version = "0.1.0"

[[package]]
name = "partitioned-mixed-usage"
version = "0.1.0"
dependencies = [
 "partitioned-mixed-usage-dep",
]

[[package]]
name = "partitioned-mixed-usage-dep"
version = "0.1.0"

[[package]]
name = "partitioned-opaque-unchanged"
version = "0.1.0"
dependencies = [
 "partitioned-opaque-unchanged-dep",
]

[[package]]
name = "partitioned-opaque-unchanged-dep"
version = "0.1.0"

[[package]]
name = "partitioned-pointer-only"
version = "0.1.0"
dependencies = [
 "partitioned-pointer-only-dep",
]

[[package]]
name = "partitioned-pointer-only-dep"
version = "0.1.0"

[[package]]
name = "partitioned-pointer-only-kinds"
version = "0.1.0"
dependencies = [
 "partitioned-pointer-only-kinds-dep",
]

[[package]]
name = "partitioned-pointer-only-kinds-dep"
version = "0.1.0"

[[package]]
name = "partitioned-pointer-only-typedef"
version = "0.1.0"
dependencies = [
 "partitioned-pointer-only-typedef-dep",
 "partitioned-pointer-only-typedef-dep2",
]

[[package]]
name = "partitioned-pointer-only-typedef-dep"
version = "0.1.0"
dependencies = [
 "partitioned-pointer-only-typedef-dep2",
]

[[package]]
name = "partitioned-pointer-only-typedef-dep2"
version = "0.1.0"

[[package]]
name = "partitioned-pointer-only-with-header"
version = "0.1.0"
dependencies = [
 "partitioned-pointer-only-with-header-dep",
]

[[package]]
name = "partitioned-pointer-only-with-header-dep"
version = "0.1.0"
dependencies = [
 "cheadergen",
]

[[package]]
name = "partitioned-rename"
version = "0.1.0"
dependencies = [
 "partitioned-rename-dep",
]

[[package]]
name = "partitioned-rename-dep"
version = "0.1.0"
dependencies = [
 "cheadergen",
]

[[package]]
name = "partitioned-rename-pointer"
version = "0.1.0"
dependencies = [
 "partitioned-rename-pointer-dep",
]

[[package]]
name = "partitioned-rename-pointer-dep"
version = "0.1.0"
dependencies = [
 "cheadergen",
]

[[package]]
name = "partitioned-skip-type"
version = "0.1.0"
dependencies = [
 "partitioned-skip-type-dep",
]

[[package]]
name = "partitioned-skip-type-dep"
version = "0.1.0"
dependencies = [
 "cheadergen",
]

[[package]]
name = "partitioned-tagged-union-fwd"
version = "0.1.0"
dependencies = [
 "partitioned-tagged-union-fwd-dep",
]

[[package]]
name = "partitioned-tagged-union-fwd-dep"
version = "0.1.0"

[[package]]
name = "partitioned-transitive"
version = "0.1.0"
dependencies = [
 "partitioned-transitive-dep",
]

[[package]]
name = "partitioned-transitive-dep"
version = "0.1.0"
dependencies = [
 "partitioned-transitive-dep2",
]

[[package]]
name = "partitioned-transitive-dep2"
version = "0.1.0"

[[package]]
name = "plain_union"
version = "0.1.0"

[[package]]
name = "prefix_with_name_attr"
version = "0.1.0"
dependencies = [
 "cheadergen",
]

[[package]]
name = "private_fields"
version = "0.1.0"

[[package]]
name = "proc-macro2"
version = "1.0.106"
source = "registry+https://github.com/rust-lang/crates.io-index"
checksum = "8fd00f0bb2e90d81d1044c2b32617f68fcb9fa3bb7640c23e9c748e53fb30934"
dependencies = [
 "unicode-ident",
]

[[package]]
name = "quote"
version = "1.0.45"
source = "registry+https://github.com/rust-lang/crates.io-index"
checksum = "41f2619966050689382d2b44f664f4bc593e129785a36d6ee376ddf37259b924"
dependencies = [
 "proc-macro2",
]

[[package]]
name = "recursive_type"
version = "0.1.0"

[[package]]
name = "reexport_duplication"
version = "0.1.0"

[[package]]
name = "ref_primitives"
version = "0.1.0"

[[package]]
name = "rename_all_enum"
version = "0.1.0"
dependencies = [
 "cheadergen",
]

[[package]]
name = "rename_all_fields"
version = "0.1.0"
dependencies = [
 "cheadergen",
]

[[package]]
name = "rename_all_struct"
version = "0.1.0"
dependencies = [
 "cheadergen",
]

[[package]]
name = "rename_all_with_override"
version = "0.1.0"
dependencies = [
 "cheadergen",
]

[[package]]
name = "rename_all_with_prefix_with_name"
version = "0.1.0"
dependencies = [
 "cheadergen",
]

[[package]]
name = "rename_field"
version = "0.1.0"
dependencies = [
 "cheadergen",
]

[[package]]
name = "rename_type"
version = "0.1.0"
dependencies = [
 "cheadergen",
]

[[package]]
name = "rename_variant"
version = "0.1.0"
dependencies = [
 "cheadergen",
]

[[package]]
name = "repr_align_without_c"
version = "0.1.0"

[[package]]
name = "repr_aligned_cache_line"
version = "0.1.0"

[[package]]
name = "repr_aligned_enum_error"
version = "0.1.0"

[[package]]
name = "repr_aligned_multiple"
version = "0.1.0"

[[package]]
name = "repr_aligned_struct"
version = "0.1.0"

[[package]]
name = "repr_aligned_union"
version = "0.1.0"

[[package]]
name = "repr_packed"
version = "0.1.0"

[[package]]
name = "repr_packed_n"
version = "0.1.0"

[[package]]
name = "self_type"
version = "0.1.0"

[[package]]
name = "simple_const_generics"
version = "0.1.0"

[[package]]
name = "simple_struct"
version = "0.1.0"

[[package]]
name = "size-t-dep"
version = "0.1.0"

[[package]]
name = "skip-dep"
version = "0.1.0"

[[package]]
name = "skip_alias_preserves_name"
version = "0.1.0"
dependencies = [
 "alias-dep",
]

[[package]]
name = "skip_bindgen_ffi"
version = "0.1.0"
dependencies = [
 "ffi-dep",
]

[[package]]
name = "skip_dependency"
version = "0.1.0"
dependencies = [
 "skip-dep",
]

[[package]]
name = "skip_function"
version = "0.1.0"
dependencies = [
 "cheadergen",
]

[[package]]
name = "skip_rename"
version = "0.1.0"
dependencies = [
 "cheadergen",
]

[[package]]
name = "skip_static"
version = "0.1.0"
dependencies = [
 "cheadergen",
]

[[package]]
name = "struct_field_doc_comments"
version = "0.1.0"

[[package]]
name = "syn"
version = "2.0.117"
source = "registry+https://github.com/rust-lang/crates.io-index"
checksum = "e665b8803e7b1d2a727f4023456bbbbe74da67099c585258af0ad9c5013b9b99"
dependencies = [
 "proc-macro2",
 "quote",
 "unicode-ident",
]

[[package]]
name = "sys_include_bracketed"
version = "0.1.0"

[[package]]
name = "tagged_union"
version = "0.1.0"

[[package]]
name = "tagged_union_explicit_discriminants"
version = "0.1.0"

[[package]]
name = "transparent"
version = "0.1.0"

[[package]]
name = "transparent_npo"
version = "0.1.0"

[[package]]
name = "type_alias"
version = "0.1.0"

[[package]]
name = "unicode-ident"
version = "1.0.24"
source = "registry+https://github.com/rust-lang/crates.io-index"
checksum = "e6e4313cd5fcd3dad5cafa179702e2b244f760991f45397d14d4ebf38247da75"

[[package]]
name = "unsafe_cell"
version = "0.1.0"

[[package]]
name = "unsafe_extern_block"
version = "0.1.0"

[[package]]
name = "unsupported_constant"
version = "0.1.0"
dependencies = [
 "cheadergen",
]

[[package]]
name = "usize_is_size_t_global"
version = "0.1.0"

[[package]]
name = "usize_is_size_t_per_package"
version = "0.1.0"
dependencies = [
 "size-t-dep",
]

[[package]]
name = "zst_fields"
version = "0.1.0"
